<?xml version="1.0" encoding="utf-8"?>
<Project ToolsVersion="4.0" xmlns="http://schemas.microsoft.com/developer/msbuild/2003">
  <ItemGroup>
    <Filter Include="src">
      <UniqueIdentifier>{4FC737F1-C7A5-4376-A066-2A32D752A2FF}</UniqueIdentifier>
      <Extensions>cpp;c;cc;cxx;def;odl;idl;hpj;bat;asm;asmx</Extensions>
    </Filter>
    <Filter Include="src\slink">
      <UniqueIdentifier>{231d9748-7be6-4ca2-a10c-9b77aabfaa01}</UniqueIdentifier>
    </Filter>
    <Filter Include="src\slink\OpenGL">
      <UniqueIdentifier>{8a094f9a-1308-4351-9891-76480870d78b}</UniqueIdentifier>
    </Filter>
    <Filter Include="src\slink\DirectX11">
      <UniqueIdentifier>{ae509554-bdae-4281-af58-0536adfb6cb4}</UniqueIdentifier>
    </Filter>
  </ItemGroup>
  <ItemGroup>
    <ClCompile Include="..\src\slink\Slink.cpp">
      <Filter>src\slink</Filter>
    </ClCompile>
    <ClCompile Include="..\src\slink\SlinkShaders.cpp">
      <Filter>src\slink</Filter>
    </ClCompile>
    <ClCompile Include="..\src\slink\SlinkGL.cpp">
      <Filter>src\slink\OpenGL</Filter>
    </ClCompile>
    <ClCompile Include="..\src\slink\SlinkDirectX11Shaders.cpp">
      <Filter>src\slink\DirectX11</Filter>
    </ClCompile>
    <ClCompile Include="..\src\slink\SlinkDirectX11Geometry.cpp">
      <Filter>src\slink\DirectX11</Filter>
    </ClCompile>
    <ClCompile Include="..\src\slink\SlinkDirectX11Device.cpp">
      <Filter>src\slink\DirectX11</Filter>
    </ClCompile>
    <ClCompile Include="..\src\slink\SlinkDirectX11Context.cpp">
      <Filter>src\slink\DirectX11</Filter>
    </ClCompile>
  </ItemGroup>
  <ItemGroup>
    <ClInclude Include="..\src\slink\ShaderStrings.cpp">
      <Filter>src\slink</Filter>
    </ClInclude>
    <ClInclude Include="..\src\slink\SlinkGL.h">
      <Filter>src\slink\OpenGL</Filter>
    </ClInclude>
    <ClInclude Include="..\src\slink\SlinkDirectX11Shaders.h">
      <Filter>src\slink\DirectX11</Filter>
    </ClInclude>
    <ClInclude Include="..\src\slink\ResourcePointers.h">
      <Filter>src\slink\DirectX11</Filter>
    </ClInclude>
    <ClInclude Include="..\src\slink\SlinkDirectX11Geometry.h">
      <Filter>src\slink\DirectX11</Filter>
    </ClInclude>
    <ClInclude Include="..\src\slink\SlinkHelpers.h">
      <Filter>src\slink\DirectX11</Filter>
    </ClInclude>
    <ClInclude Include="..\src\slink\RenderDevice.h">
      <Filter>src\slink</Filter>
    </ClInclude>
    <ClInclude Include="..\src\slink\SlinkDirectX11Context.h">
      <Filter>src\slink\DirectX11</Filter>
    </ClInclude>
    <ClInclude Include="..\include\Slink.h">
      <Filter>src\slink</Filter>
    </ClInclude>
    <ClInclude Include="..\include\RenderContext.h">
      <Filter>src\slink</Filter>
    </ClInclude>
    <ClInclude Include="slink\Scene.h">
      <Filter>src\slink</Filter>
    </ClInclude>
    <ClInclude Include="slink\SlinkObject.h">
      <Filter>src\slink</Filter>
    </ClInclude>
  </ItemGroup>
</Project>