<?xml version="1.0" encoding="utf-8"?>
<Project ToolsVersion="4.0" xmlns="http://schemas.microsoft.com/developer/msbuild/2003">
  <ItemGroup>
    <Filter Include="Header Files">
      <UniqueIdentifier>{93995380-89BD-4b04-88EB-625FBE52EBFB}</UniqueIdentifier>
      <Extensions>h;hpp;hxx;hm;inl;inc;xsd</Extensions>
    </Filter>
    <Filter Include="Resource Files">
      <UniqueIdentifier>{67DA6AB6-F800-4c08-8B7A-83BB121AAD01}</UniqueIdentifier>
      <Extensions>rc;ico;cur;bmp;dlg;rc2;rct;bin;rgs;gif;jpg;jpeg;jpe;resx;tiff;tif;png;wav;mfcribbon-ms</Extensions>
    </Filter>
    <Filter Include="src">
      <UniqueIdentifier>{4FC737F1-C7A5-4376-A066-2A32D752A2FF}</UniqueIdentifier>
      <Extensions>cpp;c;cc;cxx;def;odl;idl;hpj;bat;asm;asmx</Extensions>
    </Filter>
    <Filter Include="src\slink">
      <UniqueIdentifier>{231d9748-7be6-4ca2-a10c-9b77aabfaa01}</UniqueIdentifier>
    </Filter>
    <Filter Include="Shaders">
      <UniqueIdentifier>{05f8786d-d556-4d86-947e-30494a92333b}</UniqueIdentifier>
    </Filter>
    <Filter Include="src\slink\OpenGL">
      <UniqueIdentifier>{8a094f9a-1308-4351-9891-76480870d78b}</UniqueIdentifier>
    </Filter>
    <Filter Include="src\slink\DirectX11">
      <UniqueIdentifier>{ae509554-bdae-4281-af58-0536adfb6cb4}</UniqueIdentifier>
    </Filter>
  </ItemGroup>
  <ItemGroup>
    <ClCompile Include="..\src\Main.cpp">
      <Filter>src</Filter>
    </ClCompile>
    <ClCompile Include="..\src\slink\Slink.cpp">
      <Filter>src\slink</Filter>
    </ClCompile>
    <ClCompile Include="..\src\slink\SlinkShaders.cpp">
      <Filter>src\slink</Filter>
    </ClCompile>
    <ClCompile Include="..\src\slink\SlinkBuffers.cpp">
      <Filter>src\slink</Filter>
    </ClCompile>
    <ClCompile Include="..\src\slink\SlinkGeometry.cpp">
      <Filter>src\slink</Filter>
    </ClCompile>
    <ClCompile Include="..\src\slink\SlinkGL.cpp">
      <Filter>src\slink\OpenGL</Filter>
    </ClCompile>
    <ClCompile Include="..\src\slink\SlinkDirectX11.cpp">
      <Filter>src\slink\DirectX11</Filter>
    </ClCompile>
  </ItemGroup>
  <ItemGroup>
    <ClInclude Include="..\src\slink\Slink.h">
      <Filter>src\slink</Filter>
    </ClInclude>
    <ClInclude Include="..\src\slink\ResourcePointers.h">
      <Filter>src\slink</Filter>
    </ClInclude>
    <ClInclude Include="..\src\slink\SlinkHelpers.h">
      <Filter>src\slink</Filter>
    </ClInclude>
    <ClInclude Include="..\src\slink\SlinkGeometry.h">
      <Filter>src\slink</Filter>
    </ClInclude>
    <ClInclude Include="..\src\slink\RenderContext.h">
      <Filter>src\slink</Filter>
    </ClInclude>
    <ClInclude Include="..\src\slink\ShaderStrings.cpp">
      <Filter>src\slink</Filter>
    </ClInclude>
    <ClInclude Include="..\src\slink\SlinkGL.h">
      <Filter>src\slink\OpenGL</Filter>
    </ClInclude>
    <ClInclude Include="..\src\slink\SlinkDirectX11.h">
      <Filter>src\slink\DirectX11</Filter>
    </ClInclude>
  </ItemGroup>
  <ItemGroup>
    <FxCompile Include="..\src\shaders\MeshShader.hlsl">
      <Filter>Shaders</Filter>
    </FxCompile>
    <FxCompile Include="..\src\shaders\MeshPS.hlsl">
      <Filter>Shaders</Filter>
    </FxCompile>
    <FxCompile Include="..\src\shaders\MeshVS.hlsl">
      <Filter>Shaders</Filter>
    </FxCompile>
    <FxCompile Include="..\src\shaders\helloPS.hlsl">
      <Filter>Shaders</Filter>
    </FxCompile>
    <FxCompile Include="..\src\shaders\helloShader.hlsl">
      <Filter>Shaders</Filter>
    </FxCompile>
    <FxCompile Include="..\src\shaders\helloVS.hlsl">
      <Filter>Shaders</Filter>
    </FxCompile>
  </ItemGroup>
</Project>